
Microsoft Visual Studio Solution File, Format Version 12.00
# Visual Studio Version 17
VisualStudioVersion = 17.7.34031.279
MinimumVisualStudioVersion = 10.0.40219.1
Project("{FAE04EC0-301F-11D3-BF4B-00C04F79EFBC}") = "redeservice", "redeservice\redeservice.csproj", "{88FB62EB-01C7-42AC-99CE-6CB4CA5B20BC}"
EndProject
Global
	GlobalSection(SolutionConfigurationPlatforms) = preSolution
		Debug|Any CPU = Debug|Any CPU
		Release|Any CPU = Release|Any CPU
	EndGlobalSection
	GlobalSection(ProjectConfigurationPlatforms) = postSolution
		{88FB62EB-01C7-42AC-99CE-6CB4CA5B20BC}.Debug|Any CPU.ActiveCfg = Debug|Any CPU
		{88FB62EB-01C7-42AC-99CE-6CB4CA5B20BC}.Debug|Any CPU.Build.0 = Debug|Any CPU
		{88FB62EB-01C7-42AC-99CE-6CB4CA5B20BC}.Release|Any CPU.ActiveCfg = Release|Any CPU
		{88FB62EB-01C7-42AC-99CE-6CB4CA5B20BC}.Release|Any CPU.Build.0 = Release|Any CPU
	EndGlobalSection
	GlobalSection(SolutionProperties) = preSolution
		HideSolutionNode = FALSE
	EndGlobalSection
	GlobalSection(ExtensibilityGlobals) = postSolution
		SolutionGuid = {3B16396A-DB0C-4A67-B844-604D14963342}
	EndGlobalSection
EndGlobal
